
Microsoft Visual Studio Solution File, Format Version 12.00
# Visual Studio Version 17
VisualStudioVersion = 17.6.33829.357
MinimumVisualStudioVersion = 10.0.40219.1
Project("{9A19103F-16F7-4668-BE54-9A1E7A4F7556}") = "SparkleRegressor.Client", "SparkleRegressor.Client\SparkleRegressor.Client.csproj", "{38AFC878-1412-4C19-8D07-0FDEBFAE6F03}"
EndProject
Global
	GlobalSection(SolutionConfigurationPlatforms) = preSolution
		Debug|Any CPU = Debug|Any CPU
		Release|Any CPU = Release|Any CPU
	EndGlobalSection
	GlobalSection(ProjectConfigurationPlatforms) = postSolution
		{38AFC878-1412-4C19-8D07-0FDEBFAE6F03}.Debug|Any CPU.ActiveCfg = Debug|Any CPU
		{38AFC878-1412-4C19-8D07-0FDEBFAE6F03}.Debug|Any CPU.Build.0 = Debug|Any CPU
		{38AFC878-1412-4C19-8D07-0FDEBFAE6F03}.Release|Any CPU.ActiveCfg = Release|Any CPU
		{38AFC878-1412-4C19-8D07-0FDEBFAE6F03}.Release|Any CPU.Build.0 = Release|Any CPU
	EndGlobalSection
	GlobalSection(SolutionProperties) = preSolution
		HideSolutionNode = FALSE
	EndGlobalSection
	GlobalSection(ExtensibilityGlobals) = postSolution
		SolutionGuid = {6560ABAB-ECB8-42EC-B934-02B3A4238C01}
	EndGlobalSection
EndGlobal
